<?xml version="1.0" encoding="UTF-8"?>
<CONFIG>
  <ProjectOptions>
    <Version Value="12"/>
    <PathDelim Value="\"/>
    <General>
      <Flags>
        <CompatibilityMode Value="True"/>
      </Flags>
      <SessionStorage Value="InProjectDir"/>
      <Title Value="Unittests"/>
      <ResourceType Value="res"/>
      <UseXPManifest Value="True"/>
    </General>
    <i18n>
      <EnableI18N LFM="False"/>
    </i18n>
    <BuildModes Count="1">
      <Item1 Name="Default" Default="True"/>
    </BuildModes>
    <PublishOptions>
      <Version Value="2"/>
    </PublishOptions>
    <RunParams>
      <FormatVersion Value="2"/>
      <Modes Count="1">
        <Mode0 Name="default"/>
      </Modes>
    </RunParams>
    <RequiredPackages Count="3">
      <Item1>
        <PackageName Value="FPCUnitTestRunner"/>
      </Item1>
      <Item2>
        <PackageName Value="LCL"/>
      </Item2>
      <Item3>
        <PackageName Value="FCL"/>
      </Item3>
    </RequiredPackages>
    <Units Count="12">
      <Unit0>
        <Filename Value="Unittests.lpr"/>
        <IsPartOfProject Value="True"/>
      </Unit0>
      <Unit1>
        <Filename Value="TestClient.pas"/>
        <IsPartOfProject Value="True"/>
      </Unit1>
      <Unit2>
        <Filename Value="TestSessions.pas"/>
        <IsPartOfProject Value="True"/>
      </Unit2>
      <Unit3>
        <Filename Value="djPathMapTests.pas"/>
        <IsPartOfProject Value="True"/>
      </Unit3>
      <Unit4>
        <Filename Value="djWebAppContextTests.pas"/>
        <IsPartOfProject Value="True"/>
      </Unit4>
      <Unit5>
        <Filename Value="djDefaultWebComponentTests.pas"/>
        <IsPartOfProject Value="True"/>
      </Unit5>
      <Unit6>
        <Filename Value="..\..\source\djTypes.pas"/>
        <IsPartOfProject Value="True"/>
      </Unit6>
      <Unit7>
        <Filename Value="djWebFilterTests.pas"/>
        <IsPartOfProject Value="True"/>
      </Unit7>
      <Unit8>
        <Filename Value="..\..\source\djWebFilter.pas"/>
        <IsPartOfProject Value="True"/>
      </Unit8>
      <Unit9>
        <Filename Value="..\..\source\djWebFilterChain.pas"/>
        <IsPartOfProject Value="True"/>
      </Unit9>
      <Unit10>
        <Filename Value="..\..\source\djMultiMap.pas"/>
        <IsPartOfProject Value="True"/>
      </Unit10>
      <Unit11>
        <Filename Value="..\..\source\djAbstractHolder.pas"/>
        <IsPartOfProject Value="True"/>
      </Unit11>
    </Units>
  </ProjectOptions>
  <CompilerOptions>
    <Version Value="11"/>
    <PathDelim Value="\"/>
    <SearchPaths>
      <IncludeFiles Value="$(ProjOutDir);..\..\..\Indy\Lib\Core"/>
      <OtherUnitFiles Value="..\..\source;..\..\source\optional;..\..\..\Indy\Lib\Core;..\..\..\Indy\Lib\Protocols;..\..\..\Indy\Lib\System;..\..\..\slf4p\src\main"/>
      <UnitOutputDirectory Value="lib\$(TargetCPU)-$(TargetOS)"/>
    </SearchPaths>
    <Parsing>
      <SyntaxOptions>
        <SyntaxMode Value="Delphi"/>
      </SyntaxOptions>
    </Parsing>
    <Linking>
      <Debugging>
        <DebugInfoType Value="dsDwarf3"/>
      </Debugging>
      <Options>
        <Win32>
          <GraphicApplication Value="True"/>
        </Win32>
      </Options>
    </Linking>
    <Other>
      <CompilerMessages>
        <IgnoredMessages idx6058="True" idx5091="True" idx5071="True" idx5062="True" idx5024="True" idx4046="True" idx3124="True" idx3123="True"/>
      </CompilerMessages>
    </Other>
  </CompilerOptions>
  <Debugging>
    <Exceptions Count="20">
      <Item1>
        <Name Value="EAbort"/>
      </Item1>
      <Item2>
        <Name Value="ECodetoolError"/>
      </Item2>
      <Item3>
        <Name Value="EFOpenError"/>
      </Item3>
      <Item4>
        <Name Value="ESynapseError"/>
      </Item4>
      <Item5>
        <Name Value="EAssertionFailedError"/>
      </Item5>
      <Item6>
        <Name Value="EIdReadTimeout"/>
      </Item6>
      <Item7>
        <Name Value="EConnectionFailedException"/>
      </Item7>
      <Item8>
        <Name Value="Exception"/>
      </Item8>
      <Item9>
        <Name Value="EIgnoredTest"/>
      </Item9>
      <Item10>
        <Name Value="EIdSocketError"/>
      </Item10>
      <Item11>
        <Name Value="EIdConnClosedGracefully"/>
      </Item11>
      <Item12>
        <Name Value="EConvertError"/>
      </Item12>
      <Item13>
        <Name Value="EIllegalStateException"/>
      </Item13>
      <Item14>
        <Name Value="EIdHTTPProtocolException"/>
      </Item14>
      <Item15>
        <Name Value="EWebComponentException"/>
      </Item15>
      <Item16>
        <Name Value="EUnitTestException"/>
      </Item16>
      <Item17>
        <Name Value="EListError"/>
      </Item17>
      <Item18>
        <Name Value="EIdCouldNotBindSocket"/>
      </Item18>
      <Item19>
        <Name Value="EIdNotConnected"/>
      </Item19>
      <Item20>
        <Name Value="EIdClosedSocket"/>
      </Item20>
    </Exceptions>
  </Debugging>
</CONFIG>
